
Microsoft Visual Studio Solution File, Format Version 12.00
# Visual Studio Version 16
VisualStudioVersion = 16.0.33027.164
MinimumVisualStudioVersion = 10.0.40219.1
Project("{8BC9CEB8-8B4A-11D0-8D11-00A0C91BC942}") = "zlib", "..\otherlibs\_graphics\src\zlib\zlib.vcxproj", "{F78BABF2-5769-4B7A-A47D-F4534734DD72}"
EndProject
Project("{8BC9CEB8-8B4A-11D0-8D11-00A0C91BC942}") = "libjpeg", "..\otherlibs\_graphics\src\libjpeg\libjpeg.vcxproj", "{B665DD5D-23B9-4BDE-9C62-F46199BEF820}"
EndProject
Project("{8BC9CEB8-8B4A-11D0-8D11-00A0C91BC942}") = "libpng", "..\otherlibs\_graphics\src\libpng\libpng.vcxproj", "{91DE98F7-EB2E-4A07-A446-57B3C88845E1}"
EndProject
Project("{8BC9CEB8-8B4A-11D0-8D11-00A0C91BC942}") = "libtiff", "..\otherlibs\_graphics\src\libtiff\libtiff.vcxproj", "{5853AFF7-9DF3-4C05-A002-BE08D792EC58}"
EndProject
Project("{8BC9CEB8-8B4A-11D0-8D11-00A0C91BC942}") = "cxcore", "..\cxcore\src\cxcore.vcxproj", "{C30EED12-064C-4314-8A6B-426A11309A88}"
	ProjectSection(ProjectDependencies) = postProject
		{B665DD5D-23B9-4BDE-9C62-F46199BEF820} = {B665DD5D-23B9-4BDE-9C62-F46199BEF820}
		{F78BABF2-5769-4B7A-A47D-F4534734DD72} = {F78BABF2-5769-4B7A-A47D-F4534734DD72}
		{91DE98F7-EB2E-4A07-A446-57B3C88845E1} = {91DE98F7-EB2E-4A07-A446-57B3C88845E1}
		{5853AFF7-9DF3-4C05-A002-BE08D792EC58} = {5853AFF7-9DF3-4C05-A002-BE08D792EC58}
	EndProjectSection
EndProject
Project("{8BC9CEB8-8B4A-11D0-8D11-00A0C91BC942}") = "cv", "..\cv\src\cv.vcxproj", "{204E2D54-C28A-43B7-9618-3EB8DC7D83D1}"
	ProjectSection(ProjectDependencies) = postProject
		{B665DD5D-23B9-4BDE-9C62-F46199BEF820} = {B665DD5D-23B9-4BDE-9C62-F46199BEF820}
		{F78BABF2-5769-4B7A-A47D-F4534734DD72} = {F78BABF2-5769-4B7A-A47D-F4534734DD72}
		{91DE98F7-EB2E-4A07-A446-57B3C88845E1} = {91DE98F7-EB2E-4A07-A446-57B3C88845E1}
		{5853AFF7-9DF3-4C05-A002-BE08D792EC58} = {5853AFF7-9DF3-4C05-A002-BE08D792EC58}
	EndProjectSection
EndProject
Project("{8BC9CEB8-8B4A-11D0-8D11-00A0C91BC942}") = "cvaux", "..\cvaux\src\cvaux.vcxproj", "{FFABC1E5-619E-4EE7-B09E-95842DCE8887}"
	ProjectSection(ProjectDependencies) = postProject
		{B665DD5D-23B9-4BDE-9C62-F46199BEF820} = {B665DD5D-23B9-4BDE-9C62-F46199BEF820}
		{F78BABF2-5769-4B7A-A47D-F4534734DD72} = {F78BABF2-5769-4B7A-A47D-F4534734DD72}
		{91DE98F7-EB2E-4A07-A446-57B3C88845E1} = {91DE98F7-EB2E-4A07-A446-57B3C88845E1}
		{5853AFF7-9DF3-4C05-A002-BE08D792EC58} = {5853AFF7-9DF3-4C05-A002-BE08D792EC58}
	EndProjectSection
EndProject
Project("{8BC9CEB8-8B4A-11D0-8D11-00A0C91BC942}") = "cvinfo", "..\utils\cvinfo\cvinfo.vcxproj", "{2046CEFA-02BF-4616-845F-0BC884160372}"
	ProjectSection(ProjectDependencies) = postProject
		{B665DD5D-23B9-4BDE-9C62-F46199BEF820} = {B665DD5D-23B9-4BDE-9C62-F46199BEF820}
		{F78BABF2-5769-4B7A-A47D-F4534734DD72} = {F78BABF2-5769-4B7A-A47D-F4534734DD72}
		{91DE98F7-EB2E-4A07-A446-57B3C88845E1} = {91DE98F7-EB2E-4A07-A446-57B3C88845E1}
		{5853AFF7-9DF3-4C05-A002-BE08D792EC58} = {5853AFF7-9DF3-4C05-A002-BE08D792EC58}
	EndProjectSection
EndProject
Project("{8BC9CEB8-8B4A-11D0-8D11-00A0C91BC942}") = "highgui", "..\otherlibs\highgui\highgui.vcxproj", "{C9E08D4A-9489-4D2E-93E3-8138ABA817A5}"
	ProjectSection(ProjectDependencies) = postProject
		{B665DD5D-23B9-4BDE-9C62-F46199BEF820} = {B665DD5D-23B9-4BDE-9C62-F46199BEF820}
		{F78BABF2-5769-4B7A-A47D-F4534734DD72} = {F78BABF2-5769-4B7A-A47D-F4534734DD72}
		{91DE98F7-EB2E-4A07-A446-57B3C88845E1} = {91DE98F7-EB2E-4A07-A446-57B3C88845E1}
		{5853AFF7-9DF3-4C05-A002-BE08D792EC58} = {5853AFF7-9DF3-4C05-A002-BE08D792EC58}
	EndProjectSection
EndProject
Project("{8BC9CEB8-8B4A-11D0-8D11-00A0C91BC942}") = "ml", "..\ml\src\ml.vcxproj", "{A07C1F2F-3AF0-4660-AA95-4D660DDAE799}"
	ProjectSection(ProjectDependencies) = postProject
		{B665DD5D-23B9-4BDE-9C62-F46199BEF820} = {B665DD5D-23B9-4BDE-9C62-F46199BEF820}
		{F78BABF2-5769-4B7A-A47D-F4534734DD72} = {F78BABF2-5769-4B7A-A47D-F4534734DD72}
		{91DE98F7-EB2E-4A07-A446-57B3C88845E1} = {91DE98F7-EB2E-4A07-A446-57B3C88845E1}
		{5853AFF7-9DF3-4C05-A002-BE08D792EC58} = {5853AFF7-9DF3-4C05-A002-BE08D792EC58}
	EndProjectSection
EndProject
Project("{8BC9CEB8-8B4A-11D0-8D11-00A0C91BC942}") = "cvsample", "..\samples\c\cvsample.vcxproj", "{2820F96A-13D2-4EFE-BC9F-A9AF482026AE}"
	ProjectSection(ProjectDependencies) = postProject
		{B665DD5D-23B9-4BDE-9C62-F46199BEF820} = {B665DD5D-23B9-4BDE-9C62-F46199BEF820}
		{F78BABF2-5769-4B7A-A47D-F4534734DD72} = {F78BABF2-5769-4B7A-A47D-F4534734DD72}
		{91DE98F7-EB2E-4A07-A446-57B3C88845E1} = {91DE98F7-EB2E-4A07-A446-57B3C88845E1}
		{5853AFF7-9DF3-4C05-A002-BE08D792EC58} = {5853AFF7-9DF3-4C05-A002-BE08D792EC58}
	EndProjectSection
EndProject
Project("{8BC9CEB8-8B4A-11D0-8D11-00A0C91BC942}") = "cvtest", "..\tests\cv\src\cvtest.vcxproj", "{48C010C6-36E1-4EE6-9B9C-9AD1CBA0D9BC}"
	ProjectSection(ProjectDependencies) = postProject
		{B665DD5D-23B9-4BDE-9C62-F46199BEF820} = {B665DD5D-23B9-4BDE-9C62-F46199BEF820}
		{F78BABF2-5769-4B7A-A47D-F4534734DD72} = {F78BABF2-5769-4B7A-A47D-F4534734DD72}
		{91DE98F7-EB2E-4A07-A446-57B3C88845E1} = {91DE98F7-EB2E-4A07-A446-57B3C88845E1}
		{5853AFF7-9DF3-4C05-A002-BE08D792EC58} = {5853AFF7-9DF3-4C05-A002-BE08D792EC58}
	EndProjectSection
EndProject
Project("{8BC9CEB8-8B4A-11D0-8D11-00A0C91BC942}") = "cxcoretest", "..\tests\cxcore\src\cxcoretest.vcxproj", "{96F22AD4-D49F-492D-A349-1DB0392367CE}"
	ProjectSection(ProjectDependencies) = postProject
		{B665DD5D-23B9-4BDE-9C62-F46199BEF820} = {B665DD5D-23B9-4BDE-9C62-F46199BEF820}
		{F78BABF2-5769-4B7A-A47D-F4534734DD72} = {F78BABF2-5769-4B7A-A47D-F4534734DD72}
		{91DE98F7-EB2E-4A07-A446-57B3C88845E1} = {91DE98F7-EB2E-4A07-A446-57B3C88845E1}
		{5853AFF7-9DF3-4C05-A002-BE08D792EC58} = {5853AFF7-9DF3-4C05-A002-BE08D792EC58}
	EndProjectSection
EndProject
Project("{8BC9CEB8-8B4A-11D0-8D11-00A0C91BC942}") = "cxts", "..\tests\cxts\cxts.vcxproj", "{189C2FF4-D924-4A87-A070-505196436CFE}"
	ProjectSection(ProjectDependencies) = postProject
		{B665DD5D-23B9-4BDE-9C62-F46199BEF820} = {B665DD5D-23B9-4BDE-9C62-F46199BEF820}
		{F78BABF2-5769-4B7A-A47D-F4534734DD72} = {F78BABF2-5769-4B7A-A47D-F4534734DD72}
		{91DE98F7-EB2E-4A07-A446-57B3C88845E1} = {91DE98F7-EB2E-4A07-A446-57B3C88845E1}
		{5853AFF7-9DF3-4C05-A002-BE08D792EC58} = {5853AFF7-9DF3-4C05-A002-BE08D792EC58}
	EndProjectSection
EndProject
Project("{8BC9CEB8-8B4A-11D0-8D11-00A0C91BC942}") = "createsamples", "..\apps\HaarTraining\make\createsamples.vcxproj", "{EE37253C-3B7E-4391-981B-6AE4AA400748}"
	ProjectSection(ProjectDependencies) = postProject
		{C30EED12-064C-4314-8A6B-426A11309A88} = {C30EED12-064C-4314-8A6B-426A11309A88}
		{A07C1F2F-3AF0-4660-AA95-4D660DDAE799} = {A07C1F2F-3AF0-4660-AA95-4D660DDAE799}
		{C9E08D4A-9489-4D2E-93E3-8138ABA817A5} = {C9E08D4A-9489-4D2E-93E3-8138ABA817A5}
		{204E2D54-C28A-43B7-9618-3EB8DC7D83D1} = {204E2D54-C28A-43B7-9618-3EB8DC7D83D1}
		{B665DD5D-23B9-4BDE-9C62-F46199BEF820} = {B665DD5D-23B9-4BDE-9C62-F46199BEF820}
		{2820F96A-13D2-4EFE-BC9F-A9AF482026AE} = {2820F96A-13D2-4EFE-BC9F-A9AF482026AE}
		{48C010C6-36E1-4EE6-9B9C-9AD1CBA0D9BC} = {48C010C6-36E1-4EE6-9B9C-9AD1CBA0D9BC}
		{96F22AD4-D49F-492D-A349-1DB0392367CE} = {96F22AD4-D49F-492D-A349-1DB0392367CE}
		{FFABC1E5-619E-4EE7-B09E-95842DCE8887} = {FFABC1E5-619E-4EE7-B09E-95842DCE8887}
		{F78BABF2-5769-4B7A-A47D-F4534734DD72} = {F78BABF2-5769-4B7A-A47D-F4534734DD72}
		{189C2FF4-D924-4A87-A070-505196436CFE} = {189C2FF4-D924-4A87-A070-505196436CFE}
		{91DE98F7-EB2E-4A07-A446-57B3C88845E1} = {91DE98F7-EB2E-4A07-A446-57B3C88845E1}
		{5853AFF7-9DF3-4C05-A002-BE08D792EC58} = {5853AFF7-9DF3-4C05-A002-BE08D792EC58}
		{2046CEFA-02BF-4616-845F-0BC884160372} = {2046CEFA-02BF-4616-845F-0BC884160372}
	EndProjectSection
EndProject
Project("{8BC9CEB8-8B4A-11D0-8D11-00A0C91BC942}") = "haartraining", "..\apps\HaarTraining\make\haartraining.vcxproj", "{2F08064F-1571-46E6-BEC3-D2DD927B8409}"
	ProjectSection(ProjectDependencies) = postProject
		{A07C1F2F-3AF0-4660-AA95-4D660DDAE799} = {A07C1F2F-3AF0-4660-AA95-4D660DDAE799}
		{B665DD5D-23B9-4BDE-9C62-F46199BEF820} = {B665DD5D-23B9-4BDE-9C62-F46199BEF820}
		{2820F96A-13D2-4EFE-BC9F-A9AF482026AE} = {2820F96A-13D2-4EFE-BC9F-A9AF482026AE}
		{48C010C6-36E1-4EE6-9B9C-9AD1CBA0D9BC} = {48C010C6-36E1-4EE6-9B9C-9AD1CBA0D9BC}
		{96F22AD4-D49F-492D-A349-1DB0392367CE} = {96F22AD4-D49F-492D-A349-1DB0392367CE}
		{FFABC1E5-619E-4EE7-B09E-95842DCE8887} = {FFABC1E5-619E-4EE7-B09E-95842DCE8887}
		{F78BABF2-5769-4B7A-A47D-F4534734DD72} = {F78BABF2-5769-4B7A-A47D-F4534734DD72}
		{189C2FF4-D924-4A87-A070-505196436CFE} = {189C2FF4-D924-4A87-A070-505196436CFE}
		{91DE98F7-EB2E-4A07-A446-57B3C88845E1} = {91DE98F7-EB2E-4A07-A446-57B3C88845E1}
		{5853AFF7-9DF3-4C05-A002-BE08D792EC58} = {5853AFF7-9DF3-4C05-A002-BE08D792EC58}
		{2046CEFA-02BF-4616-845F-0BC884160372} = {2046CEFA-02BF-4616-845F-0BC884160372}
	EndProjectSection
EndProject
Project("{8BC9CEB8-8B4A-11D0-8D11-00A0C91BC942}") = "cvhaartraining", "..\apps\HaarTraining\make\cvhaartraining.vcxproj", "{3959E83B-4199-49BA-BB0C-73074DFD1799}"
	ProjectSection(ProjectDependencies) = postProject
		{A07C1F2F-3AF0-4660-AA95-4D660DDAE799} = {A07C1F2F-3AF0-4660-AA95-4D660DDAE799}
		{B665DD5D-23B9-4BDE-9C62-F46199BEF820} = {B665DD5D-23B9-4BDE-9C62-F46199BEF820}
		{2820F96A-13D2-4EFE-BC9F-A9AF482026AE} = {2820F96A-13D2-4EFE-BC9F-A9AF482026AE}
		{48C010C6-36E1-4EE6-9B9C-9AD1CBA0D9BC} = {48C010C6-36E1-4EE6-9B9C-9AD1CBA0D9BC}
		{96F22AD4-D49F-492D-A349-1DB0392367CE} = {96F22AD4-D49F-492D-A349-1DB0392367CE}
		{FFABC1E5-619E-4EE7-B09E-95842DCE8887} = {FFABC1E5-619E-4EE7-B09E-95842DCE8887}
		{F78BABF2-5769-4B7A-A47D-F4534734DD72} = {F78BABF2-5769-4B7A-A47D-F4534734DD72}
		{189C2FF4-D924-4A87-A070-505196436CFE} = {189C2FF4-D924-4A87-A070-505196436CFE}
		{91DE98F7-EB2E-4A07-A446-57B3C88845E1} = {91DE98F7-EB2E-4A07-A446-57B3C88845E1}
		{5853AFF7-9DF3-4C05-A002-BE08D792EC58} = {5853AFF7-9DF3-4C05-A002-BE08D792EC58}
		{2046CEFA-02BF-4616-845F-0BC884160372} = {2046CEFA-02BF-4616-845F-0BC884160372}
	EndProjectSection
EndProject
Project("{8BC9CEB8-8B4A-11D0-8D11-00A0C91BC942}") = "performance", "..\apps\HaarTraining\make\performance.vcxproj", "{3930A416-5D51-43C0-BC78-4BF858FDF361}"
	ProjectSection(ProjectDependencies) = postProject
		{A07C1F2F-3AF0-4660-AA95-4D660DDAE799} = {A07C1F2F-3AF0-4660-AA95-4D660DDAE799}
		{B665DD5D-23B9-4BDE-9C62-F46199BEF820} = {B665DD5D-23B9-4BDE-9C62-F46199BEF820}
		{2820F96A-13D2-4EFE-BC9F-A9AF482026AE} = {2820F96A-13D2-4EFE-BC9F-A9AF482026AE}
		{48C010C6-36E1-4EE6-9B9C-9AD1CBA0D9BC} = {48C010C6-36E1-4EE6-9B9C-9AD1CBA0D9BC}
		{96F22AD4-D49F-492D-A349-1DB0392367CE} = {96F22AD4-D49F-492D-A349-1DB0392367CE}
		{FFABC1E5-619E-4EE7-B09E-95842DCE8887} = {FFABC1E5-619E-4EE7-B09E-95842DCE8887}
		{F78BABF2-5769-4B7A-A47D-F4534734DD72} = {F78BABF2-5769-4B7A-A47D-F4534734DD72}
		{189C2FF4-D924-4A87-A070-505196436CFE} = {189C2FF4-D924-4A87-A070-505196436CFE}
		{91DE98F7-EB2E-4A07-A446-57B3C88845E1} = {91DE98F7-EB2E-4A07-A446-57B3C88845E1}
		{5853AFF7-9DF3-4C05-A002-BE08D792EC58} = {5853AFF7-9DF3-4C05-A002-BE08D792EC58}
		{2046CEFA-02BF-4616-845F-0BC884160372} = {2046CEFA-02BF-4616-845F-0BC884160372}
	EndProjectSection
EndProject
Global
	GlobalSection(SolutionConfigurationPlatforms) = preSolution
		Debug OpenMP|x64 = Debug OpenMP|x64
		Debug OpenMP|x86 = Debug OpenMP|x86
		Debug|x64 = Debug|x64
		Debug|x86 = Debug|x86
		Release OpenMP|x64 = Release OpenMP|x64
		Release OpenMP|x86 = Release OpenMP|x86
		Release|x64 = Release|x64
		Release|x86 = Release|x86
	EndGlobalSection
	GlobalSection(ProjectConfigurationPlatforms) = postSolution
		{F78BABF2-5769-4B7A-A47D-F4534734DD72}.Debug OpenMP|x64.ActiveCfg = Debug|x64
		{F78BABF2-5769-4B7A-A47D-F4534734DD72}.Debug OpenMP|x64.Build.0 = Debug|x64
		{F78BABF2-5769-4B7A-A47D-F4534734DD72}.Debug OpenMP|x86.ActiveCfg = Debug|Win32
		{F78BABF2-5769-4B7A-A47D-F4534734DD72}.Debug OpenMP|x86.Build.0 = Debug|Win32
		{F78BABF2-5769-4B7A-A47D-F4534734DD72}.Debug|x64.ActiveCfg = Debug|x64
		{F78BABF2-5769-4B7A-A47D-F4534734DD72}.Debug|x64.Build.0 = Debug|x64
		{F78BABF2-5769-4B7A-A47D-F4534734DD72}.Debug|x86.ActiveCfg = Debug|Win32
		{F78BABF2-5769-4B7A-A47D-F4534734DD72}.Debug|x86.Build.0 = Debug|Win32
		{F78BABF2-5769-4B7A-A47D-F4534734DD72}.Release OpenMP|x64.ActiveCfg = Release|x64
		{F78BABF2-5769-4B7A-A47D-F4534734DD72}.Release OpenMP|x64.Build.0 = Release|x64
		{F78BABF2-5769-4B7A-A47D-F4534734DD72}.Release OpenMP|x86.ActiveCfg = Release|Win32
		{F78BABF2-5769-4B7A-A47D-F4534734DD72}.Release OpenMP|x86.Build.0 = Release|Win32
		{F78BABF2-5769-4B7A-A47D-F4534734DD72}.Release|x64.ActiveCfg = Release|x64
		{F78BABF2-5769-4B7A-A47D-F4534734DD72}.Release|x64.Build.0 = Release|x64
		{F78BABF2-5769-4B7A-A47D-F4534734DD72}.Release|x86.ActiveCfg = Release|Win32
		{F78BABF2-5769-4B7A-A47D-F4534734DD72}.Release|x86.Build.0 = Release|Win32
		{B665DD5D-23B9-4BDE-9C62-F46199BEF820}.Debug OpenMP|x64.ActiveCfg = Debug|x64
		{B665DD5D-23B9-4BDE-9C62-F46199BEF820}.Debug OpenMP|x64.Build.0 = Debug|x64
		{B665DD5D-23B9-4BDE-9C62-F46199BEF820}.Debug OpenMP|x86.ActiveCfg = Debug|Win32
		{B665DD5D-23B9-4BDE-9C62-F46199BEF820}.Debug OpenMP|x86.Build.0 = Debug|Win32
		{B665DD5D-23B9-4BDE-9C62-F46199BEF820}.Debug|x64.ActiveCfg = Debug|x64
		{B665DD5D-23B9-4BDE-9C62-F46199BEF820}.Debug|x64.Build.0 = Debug|x64
		{B665DD5D-23B9-4BDE-9C62-F46199BEF820}.Debug|x86.ActiveCfg = Debug|Win32
		{B665DD5D-23B9-4BDE-9C62-F46199BEF820}.Debug|x86.Build.0 = Debug|Win32
		{B665DD5D-23B9-4BDE-9C62-F46199BEF820}.Release OpenMP|x64.ActiveCfg = Release|x64
		{B665DD5D-23B9-4BDE-9C62-F46199BEF820}.Release OpenMP|x64.Build.0 = Release|x64
		{B665DD5D-23B9-4BDE-9C62-F46199BEF820}.Release OpenMP|x86.ActiveCfg = Release|Win32
		{B665DD5D-23B9-4BDE-9C62-F46199BEF820}.Release OpenMP|x86.Build.0 = Release|Win32
		{B665DD5D-23B9-4BDE-9C62-F46199BEF820}.Release|x64.ActiveCfg = Release|x64
		{B665DD5D-23B9-4BDE-9C62-F46199BEF820}.Release|x64.Build.0 = Release|x64
		{B665DD5D-23B9-4BDE-9C62-F46199BEF820}.Release|x86.ActiveCfg = Release|Win32
		{B665DD5D-23B9-4BDE-9C62-F46199BEF820}.Release|x86.Build.0 = Release|Win32
		{91DE98F7-EB2E-4A07-A446-57B3C88845E1}.Debug OpenMP|x64.ActiveCfg = Debug|x64
		{91DE98F7-EB2E-4A07-A446-57B3C88845E1}.Debug OpenMP|x64.Build.0 = Debug|x64
		{91DE98F7-EB2E-4A07-A446-57B3C88845E1}.Debug OpenMP|x86.ActiveCfg = Debug|Win32
		{91DE98F7-EB2E-4A07-A446-57B3C88845E1}.Debug OpenMP|x86.Build.0 = Debug|Win32
		{91DE98F7-EB2E-4A07-A446-57B3C88845E1}.Debug|x64.ActiveCfg = Debug|x64
		{91DE98F7-EB2E-4A07-A446-57B3C88845E1}.Debug|x64.Build.0 = Debug|x64
		{91DE98F7-EB2E-4A07-A446-57B3C88845E1}.Debug|x86.ActiveCfg = Debug|Win32
		{91DE98F7-EB2E-4A07-A446-57B3C88845E1}.Debug|x86.Build.0 = Debug|Win32
		{91DE98F7-EB2E-4A07-A446-57B3C88845E1}.Release OpenMP|x64.ActiveCfg = Release|x64
		{91DE98F7-EB2E-4A07-A446-57B3C88845E1}.Release OpenMP|x64.Build.0 = Release|x64
		{91DE98F7-EB2E-4A07-A446-57B3C88845E1}.Release OpenMP|x86.ActiveCfg = Release|Win32
		{91DE98F7-EB2E-4A07-A446-57B3C88845E1}.Release OpenMP|x86.Build.0 = Release|Win32
		{91DE98F7-EB2E-4A07-A446-57B3C88845E1}.Release|x64.ActiveCfg = Release|x64
		{91DE98F7-EB2E-4A07-A446-57B3C88845E1}.Release|x64.Build.0 = Release|x64
		{91DE98F7-EB2E-4A07-A446-57B3C88845E1}.Release|x86.ActiveCfg = Release|Win32
		{91DE98F7-EB2E-4A07-A446-57B3C88845E1}.Release|x86.Build.0 = Release|Win32
		{5853AFF7-9DF3-4C05-A002-BE08D792EC58}.Debug OpenMP|x64.ActiveCfg = Debug|x64
		{5853AFF7-9DF3-4C05-A002-BE08D792EC58}.Debug OpenMP|x64.Build.0 = Debug|x64
		{5853AFF7-9DF3-4C05-A002-BE08D792EC58}.Debug OpenMP|x86.ActiveCfg = Debug|Win32
		{5853AFF7-9DF3-4C05-A002-BE08D792EC58}.Debug OpenMP|x86.Build.0 = Debug|Win32
		{5853AFF7-9DF3-4C05-A002-BE08D792EC58}.Debug|x64.ActiveCfg = Debug|x64
		{5853AFF7-9DF3-4C05-A002-BE08D792EC58}.Debug|x64.Build.0 = Debug|x64
		{5853AFF7-9DF3-4C05-A002-BE08D792EC58}.Debug|x86.ActiveCfg = Debug|Win32
		{5853AFF7-9DF3-4C05-A002-BE08D792EC58}.Debug|x86.Build.0 = Debug|Win32
		{5853AFF7-9DF3-4C05-A002-BE08D792EC58}.Release OpenMP|x64.ActiveCfg = Release|x64
		{5853AFF7-9DF3-4C05-A002-BE08D792EC58}.Release OpenMP|x64.Build.0 = Release|x64
		{5853AFF7-9DF3-4C05-A002-BE08D792EC58}.Release OpenMP|x86.ActiveCfg = Release|Win32
		{5853AFF7-9DF3-4C05-A002-BE08D792EC58}.Release OpenMP|x86.Build.0 = Release|Win32
		{5853AFF7-9DF3-4C05-A002-BE08D792EC58}.Release|x64.ActiveCfg = Release|x64
		{5853AFF7-9DF3-4C05-A002-BE08D792EC58}.Release|x64.Build.0 = Release|x64
		{5853AFF7-9DF3-4C05-A002-BE08D792EC58}.Release|x86.ActiveCfg = Release|Win32
		{5853AFF7-9DF3-4C05-A002-BE08D792EC58}.Release|x86.Build.0 = Release|Win32
		{C30EED12-064C-4314-8A6B-426A11309A88}.Debug OpenMP|x64.ActiveCfg = Debug OpenMP|x64
		{C30EED12-064C-4314-8A6B-426A11309A88}.Debug OpenMP|x64.Build.0 = Debug OpenMP|x64
		{C30EED12-064C-4314-8A6B-426A11309A88}.Debug OpenMP|x86.ActiveCfg = Debug OpenMP|Win32
		{C30EED12-064C-4314-8A6B-426A11309A88}.Debug OpenMP|x86.Build.0 = Debug OpenMP|Win32
		{C30EED12-064C-4314-8A6B-426A11309A88}.Debug|x64.ActiveCfg = Debug|x64
		{C30EED12-064C-4314-8A6B-426A11309A88}.Debug|x64.Build.0 = Debug|x64
		{C30EED12-064C-4314-8A6B-426A11309A88}.Debug|x86.ActiveCfg = Debug|Win32
		{C30EED12-064C-4314-8A6B-426A11309A88}.Debug|x86.Build.0 = Debug|Win32
		{C30EED12-064C-4314-8A6B-426A11309A88}.Release OpenMP|x64.ActiveCfg = Release OpenMP|x64
		{C30EED12-064C-4314-8A6B-426A11309A88}.Release OpenMP|x64.Build.0 = Release OpenMP|x64
		{C30EED12-064C-4314-8A6B-426A11309A88}.Release OpenMP|x86.ActiveCfg = Release OpenMP|Win32
		{C30EED12-064C-4314-8A6B-426A11309A88}.Release OpenMP|x86.Build.0 = Release OpenMP|Win32
		{C30EED12-064C-4314-8A6B-426A11309A88}.Release|x64.ActiveCfg = Release|x64
		{C30EED12-064C-4314-8A6B-426A11309A88}.Release|x64.Build.0 = Release|x64
		{C30EED12-064C-4314-8A6B-426A11309A88}.Release|x86.ActiveCfg = Release|Win32
		{C30EED12-064C-4314-8A6B-426A11309A88}.Release|x86.Build.0 = Release|Win32
		{204E2D54-C28A-43B7-9618-3EB8DC7D83D1}.Debug OpenMP|x64.ActiveCfg = Debug OpenMP|x64
		{204E2D54-C28A-43B7-9618-3EB8DC7D83D1}.Debug OpenMP|x64.Build.0 = Debug OpenMP|x64
		{204E2D54-C28A-43B7-9618-3EB8DC7D83D1}.Debug OpenMP|x86.ActiveCfg = Debug OpenMP|Win32
		{204E2D54-C28A-43B7-9618-3EB8DC7D83D1}.Debug OpenMP|x86.Build.0 = Debug OpenMP|Win32
		{204E2D54-C28A-43B7-9618-3EB8DC7D83D1}.Debug|x64.ActiveCfg = Debug|x64
		{204E2D54-C28A-43B7-9618-3EB8DC7D83D1}.Debug|x64.Build.0 = Debug|x64
		{204E2D54-C28A-43B7-9618-3EB8DC7D83D1}.Debug|x86.ActiveCfg = Debug|Win32
		{204E2D54-C28A-43B7-9618-3EB8DC7D83D1}.Debug|x86.Build.0 = Debug|Win32
		{204E2D54-C28A-43B7-9618-3EB8DC7D83D1}.Release OpenMP|x64.ActiveCfg = Release OpenMP|x64
		{204E2D54-C28A-43B7-9618-3EB8DC7D83D1}.Release OpenMP|x64.Build.0 = Release OpenMP|x64
		{204E2D54-C28A-43B7-9618-3EB8DC7D83D1}.Release OpenMP|x86.ActiveCfg = Release OpenMP|Win32
		{204E2D54-C28A-43B7-9618-3EB8DC7D83D1}.Release OpenMP|x86.Build.0 = Release OpenMP|Win32
		{204E2D54-C28A-43B7-9618-3EB8DC7D83D1}.Release|x64.ActiveCfg = Release|x64
		{204E2D54-C28A-43B7-9618-3EB8DC7D83D1}.Release|x64.Build.0 = Release|x64
		{204E2D54-C28A-43B7-9618-3EB8DC7D83D1}.Release|x86.ActiveCfg = Release|Win32
		{204E2D54-C28A-43B7-9618-3EB8DC7D83D1}.Release|x86.Build.0 = Release|Win32
		{FFABC1E5-619E-4EE7-B09E-95842DCE8887}.Debug OpenMP|x64.ActiveCfg = Debug|x64
		{FFABC1E5-619E-4EE7-B09E-95842DCE8887}.Debug OpenMP|x64.Build.0 = Debug|x64
		{FFABC1E5-619E-4EE7-B09E-95842DCE8887}.Debug OpenMP|x86.ActiveCfg = Debug|Win32
		{FFABC1E5-619E-4EE7-B09E-95842DCE8887}.Debug OpenMP|x86.Build.0 = Debug|Win32
		{FFABC1E5-619E-4EE7-B09E-95842DCE8887}.Debug|x64.ActiveCfg = Debug|x64
		{FFABC1E5-619E-4EE7-B09E-95842DCE8887}.Debug|x64.Build.0 = Debug|x64
		{FFABC1E5-619E-4EE7-B09E-95842DCE8887}.Debug|x86.ActiveCfg = Debug|Win32
		{FFABC1E5-619E-4EE7-B09E-95842DCE8887}.Debug|x86.Build.0 = Debug|Win32
		{FFABC1E5-619E-4EE7-B09E-95842DCE8887}.Release OpenMP|x64.ActiveCfg = Release|x64
		{FFABC1E5-619E-4EE7-B09E-95842DCE8887}.Release OpenMP|x64.Build.0 = Release|x64
		{FFABC1E5-619E-4EE7-B09E-95842DCE8887}.Release OpenMP|x86.ActiveCfg = Release|Win32
		{FFABC1E5-619E-4EE7-B09E-95842DCE8887}.Release OpenMP|x86.Build.0 = Release|Win32
		{FFABC1E5-619E-4EE7-B09E-95842DCE8887}.Release|x64.ActiveCfg = Release|x64
		{FFABC1E5-619E-4EE7-B09E-95842DCE8887}.Release|x64.Build.0 = Release|x64
		{FFABC1E5-619E-4EE7-B09E-95842DCE8887}.Release|x86.ActiveCfg = Release|Win32
		{FFABC1E5-619E-4EE7-B09E-95842DCE8887}.Release|x86.Build.0 = Release|Win32
		{2046CEFA-02BF-4616-845F-0BC884160372}.Debug OpenMP|x64.ActiveCfg = Debug|x64
		{2046CEFA-02BF-4616-845F-0BC884160372}.Debug OpenMP|x64.Build.0 = Debug|x64
		{2046CEFA-02BF-4616-845F-0BC884160372}.Debug OpenMP|x86.ActiveCfg = Debug|Win32
		{2046CEFA-02BF-4616-845F-0BC884160372}.Debug OpenMP|x86.Build.0 = Debug|Win32
		{2046CEFA-02BF-4616-845F-0BC884160372}.Debug|x64.ActiveCfg = Debug|x64
		{2046CEFA-02BF-4616-845F-0BC884160372}.Debug|x64.Build.0 = Debug|x64
		{2046CEFA-02BF-4616-845F-0BC884160372}.Debug|x86.ActiveCfg = Debug|Win32
		{2046CEFA-02BF-4616-845F-0BC884160372}.Debug|x86.Build.0 = Debug|Win32
		{2046CEFA-02BF-4616-845F-0BC884160372}.Release OpenMP|x64.ActiveCfg = Release|x64
		{2046CEFA-02BF-4616-845F-0BC884160372}.Release OpenMP|x64.Build.0 = Release|x64
		{2046CEFA-02BF-4616-845F-0BC884160372}.Release OpenMP|x86.ActiveCfg = Release|Win32
		{2046CEFA-02BF-4616-845F-0BC884160372}.Release OpenMP|x86.Build.0 = Release|Win32
		{2046CEFA-02BF-4616-845F-0BC884160372}.Release|x64.ActiveCfg = Release|x64
		{2046CEFA-02BF-4616-845F-0BC884160372}.Release|x64.Build.0 = Release|x64
		{2046CEFA-02BF-4616-845F-0BC884160372}.Release|x86.ActiveCfg = Release|Win32
		{2046CEFA-02BF-4616-845F-0BC884160372}.Release|x86.Build.0 = Release|Win32
		{C9E08D4A-9489-4D2E-93E3-8138ABA817A5}.Debug OpenMP|x64.ActiveCfg = Debug OpenMP|x64
		{C9E08D4A-9489-4D2E-93E3-8138ABA817A5}.Debug OpenMP|x64.Build.0 = Debug OpenMP|x64
		{C9E08D4A-9489-4D2E-93E3-8138ABA817A5}.Debug OpenMP|x86.ActiveCfg = Debug OpenMP|Win32
		{C9E08D4A-9489-4D2E-93E3-8138ABA817A5}.Debug OpenMP|x86.Build.0 = Debug OpenMP|Win32
		{C9E08D4A-9489-4D2E-93E3-8138ABA817A5}.Debug|x64.ActiveCfg = Debug|x64
		{C9E08D4A-9489-4D2E-93E3-8138ABA817A5}.Debug|x64.Build.0 = Debug|x64
		{C9E08D4A-9489-4D2E-93E3-8138ABA817A5}.Debug|x86.ActiveCfg = Debug|Win32
		{C9E08D4A-9489-4D2E-93E3-8138ABA817A5}.Debug|x86.Build.0 = Debug|Win32
		{C9E08D4A-9489-4D2E-93E3-8138ABA817A5}.Release OpenMP|x64.ActiveCfg = Release OpenMP|x64
		{C9E08D4A-9489-4D2E-93E3-8138ABA817A5}.Release OpenMP|x64.Build.0 = Release OpenMP|x64
		{C9E08D4A-9489-4D2E-93E3-8138ABA817A5}.Release OpenMP|x86.ActiveCfg = Release OpenMP|Win32
		{C9E08D4A-9489-4D2E-93E3-8138ABA817A5}.Release OpenMP|x86.Build.0 = Release OpenMP|Win32
		{C9E08D4A-9489-4D2E-93E3-8138ABA817A5}.Release|x64.ActiveCfg = Release|x64
		{C9E08D4A-9489-4D2E-93E3-8138ABA817A5}.Release|x64.Build.0 = Release|x64
		{C9E08D4A-9489-4D2E-93E3-8138ABA817A5}.Release|x86.ActiveCfg = Release|Win32
		{C9E08D4A-9489-4D2E-93E3-8138ABA817A5}.Release|x86.Build.0 = Release|Win32
		{A07C1F2F-3AF0-4660-AA95-4D660DDAE799}.Debug OpenMP|x64.ActiveCfg = Debug|x64
		{A07C1F2F-3AF0-4660-AA95-4D660DDAE799}.Debug OpenMP|x64.Build.0 = Debug|x64
		{A07C1F2F-3AF0-4660-AA95-4D660DDAE799}.Debug OpenMP|x86.ActiveCfg = Debug|Win32
		{A07C1F2F-3AF0-4660-AA95-4D660DDAE799}.Debug OpenMP|x86.Build.0 = Debug|Win32
		{A07C1F2F-3AF0-4660-AA95-4D660DDAE799}.Debug|x64.ActiveCfg = Debug|x64
		{A07C1F2F-3AF0-4660-AA95-4D660DDAE799}.Debug|x64.Build.0 = Debug|x64
		{A07C1F2F-3AF0-4660-AA95-4D660DDAE799}.Debug|x86.ActiveCfg = Debug|Win32
		{A07C1F2F-3AF0-4660-AA95-4D660DDAE799}.Debug|x86.Build.0 = Debug|Win32
		{A07C1F2F-3AF0-4660-AA95-4D660DDAE799}.Release OpenMP|x64.ActiveCfg = Release|x64
		{A07C1F2F-3AF0-4660-AA95-4D660DDAE799}.Release OpenMP|x64.Build.0 = Release|x64
		{A07C1F2F-3AF0-4660-AA95-4D660DDAE799}.Release OpenMP|x86.ActiveCfg = Release|Win32
		{A07C1F2F-3AF0-4660-AA95-4D660DDAE799}.Release OpenMP|x86.Build.0 = Release|Win32
		{A07C1F2F-3AF0-4660-AA95-4D660DDAE799}.Release|x64.ActiveCfg = Release|x64
		{A07C1F2F-3AF0-4660-AA95-4D660DDAE799}.Release|x64.Build.0 = Release|x64
		{A07C1F2F-3AF0-4660-AA95-4D660DDAE799}.Release|x86.ActiveCfg = Release|Win32
		{A07C1F2F-3AF0-4660-AA95-4D660DDAE799}.Release|x86.Build.0 = Release|Win32
		{2820F96A-13D2-4EFE-BC9F-A9AF482026AE}.Debug OpenMP|x64.ActiveCfg = Debug|x64
		{2820F96A-13D2-4EFE-BC9F-A9AF482026AE}.Debug OpenMP|x64.Build.0 = Debug|x64
		{2820F96A-13D2-4EFE-BC9F-A9AF482026AE}.Debug OpenMP|x86.ActiveCfg = Debug|Win32
		{2820F96A-13D2-4EFE-BC9F-A9AF482026AE}.Debug OpenMP|x86.Build.0 = Debug|Win32
		{2820F96A-13D2-4EFE-BC9F-A9AF482026AE}.Debug|x64.ActiveCfg = Debug|x64
		{2820F96A-13D2-4EFE-BC9F-A9AF482026AE}.Debug|x64.Build.0 = Debug|x64
		{2820F96A-13D2-4EFE-BC9F-A9AF482026AE}.Debug|x86.ActiveCfg = Debug|Win32
		{2820F96A-13D2-4EFE-BC9F-A9AF482026AE}.Debug|x86.Build.0 = Debug|Win32
		{2820F96A-13D2-4EFE-BC9F-A9AF482026AE}.Release OpenMP|x64.ActiveCfg = Release|x64
		{2820F96A-13D2-4EFE-BC9F-A9AF482026AE}.Release OpenMP|x64.Build.0 = Release|x64
		{2820F96A-13D2-4EFE-BC9F-A9AF482026AE}.Release OpenMP|x86.ActiveCfg = Release|Win32
		{2820F96A-13D2-4EFE-BC9F-A9AF482026AE}.Release OpenMP|x86.Build.0 = Release|Win32
		{2820F96A-13D2-4EFE-BC9F-A9AF482026AE}.Release|x64.ActiveCfg = Release|x64
		{2820F96A-13D2-4EFE-BC9F-A9AF482026AE}.Release|x64.Build.0 = Release|x64
		{2820F96A-13D2-4EFE-BC9F-A9AF482026AE}.Release|x86.ActiveCfg = Release|Win32
		{2820F96A-13D2-4EFE-BC9F-A9AF482026AE}.Release|x86.Build.0 = Release|Win32
		{48C010C6-36E1-4EE6-9B9C-9AD1CBA0D9BC}.Debug OpenMP|x64.ActiveCfg = Debug|x64
		{48C010C6-36E1-4EE6-9B9C-9AD1CBA0D9BC}.Debug OpenMP|x64.Build.0 = Debug|x64
		{48C010C6-36E1-4EE6-9B9C-9AD1CBA0D9BC}.Debug OpenMP|x86.ActiveCfg = Debug|Win32
		{48C010C6-36E1-4EE6-9B9C-9AD1CBA0D9BC}.Debug OpenMP|x86.Build.0 = Debug|Win32
		{48C010C6-36E1-4EE6-9B9C-9AD1CBA0D9BC}.Debug|x64.ActiveCfg = Debug|x64
		{48C010C6-36E1-4EE6-9B9C-9AD1CBA0D9BC}.Debug|x64.Build.0 = Debug|x64
		{48C010C6-36E1-4EE6-9B9C-9AD1CBA0D9BC}.Debug|x86.ActiveCfg = Debug|Win32
		{48C010C6-36E1-4EE6-9B9C-9AD1CBA0D9BC}.Debug|x86.Build.0 = Debug|Win32
		{48C010C6-36E1-4EE6-9B9C-9AD1CBA0D9BC}.Release OpenMP|x64.ActiveCfg = Release|x64
		{48C010C6-36E1-4EE6-9B9C-9AD1CBA0D9BC}.Release OpenMP|x64.Build.0 = Release|x64
		{48C010C6-36E1-4EE6-9B9C-9AD1CBA0D9BC}.Release OpenMP|x86.ActiveCfg = Release|Win32
		{48C010C6-36E1-4EE6-9B9C-9AD1CBA0D9BC}.Release OpenMP|x86.Build.0 = Release|Win32
		{48C010C6-36E1-4EE6-9B9C-9AD1CBA0D9BC}.Release|x64.ActiveCfg = Release|x64
		{48C010C6-36E1-4EE6-9B9C-9AD1CBA0D9BC}.Release|x64.Build.0 = Release|x64
		{48C010C6-36E1-4EE6-9B9C-9AD1CBA0D9BC}.Release|x86.ActiveCfg = Release|Win32
		{48C010C6-36E1-4EE6-9B9C-9AD1CBA0D9BC}.Release|x86.Build.0 = Release|Win32
		{96F22AD4-D49F-492D-A349-1DB0392367CE}.Debug OpenMP|x64.ActiveCfg = Debug|x64
		{96F22AD4-D49F-492D-A349-1DB0392367CE}.Debug OpenMP|x64.Build.0 = Debug|x64
		{96F22AD4-D49F-492D-A349-1DB0392367CE}.Debug OpenMP|x86.ActiveCfg = Debug|Win32
		{96F22AD4-D49F-492D-A349-1DB0392367CE}.Debug OpenMP|x86.Build.0 = Debug|Win32
		{96F22AD4-D49F-492D-A349-1DB0392367CE}.Debug|x64.ActiveCfg = Debug|x64
		{96F22AD4-D49F-492D-A349-1DB0392367CE}.Debug|x64.Build.0 = Debug|x64
		{96F22AD4-D49F-492D-A349-1DB0392367CE}.Debug|x86.ActiveCfg = Debug|Win32
		{96F22AD4-D49F-492D-A349-1DB0392367CE}.Debug|x86.Build.0 = Debug|Win32
		{96F22AD4-D49F-492D-A349-1DB0392367CE}.Release OpenMP|x64.ActiveCfg = Release|x64
		{96F22AD4-D49F-492D-A349-1DB0392367CE}.Release OpenMP|x64.Build.0 = Release|x64
		{96F22AD4-D49F-492D-A349-1DB0392367CE}.Release OpenMP|x86.ActiveCfg = Release|Win32
		{96F22AD4-D49F-492D-A349-1DB0392367CE}.Release OpenMP|x86.Build.0 = Release|Win32
		{96F22AD4-D49F-492D-A349-1DB0392367CE}.Release|x64.ActiveCfg = Release|x64
		{96F22AD4-D49F-492D-A349-1DB0392367CE}.Release|x64.Build.0 = Release|x64
		{96F22AD4-D49F-492D-A349-1DB0392367CE}.Release|x86.ActiveCfg = Release|Win32
		{96F22AD4-D49F-492D-A349-1DB0392367CE}.Release|x86.Build.0 = Release|Win32
		{189C2FF4-D924-4A87-A070-505196436CFE}.Debug OpenMP|x64.ActiveCfg = Debug|x64
		{189C2FF4-D924-4A87-A070-505196436CFE}.Debug OpenMP|x64.Build.0 = Debug|x64
		{189C2FF4-D924-4A87-A070-505196436CFE}.Debug OpenMP|x86.ActiveCfg = Debug|Win32
		{189C2FF4-D924-4A87-A070-505196436CFE}.Debug OpenMP|x86.Build.0 = Debug|Win32
		{189C2FF4-D924-4A87-A070-505196436CFE}.Debug|x64.ActiveCfg = Debug|x64
		{189C2FF4-D924-4A87-A070-505196436CFE}.Debug|x64.Build.0 = Debug|x64
		{189C2FF4-D924-4A87-A070-505196436CFE}.Debug|x86.ActiveCfg = Debug|Win32
		{189C2FF4-D924-4A87-A070-505196436CFE}.Debug|x86.Build.0 = Debug|Win32
		{189C2FF4-D924-4A87-A070-505196436CFE}.Release OpenMP|x64.ActiveCfg = Release|x64
		{189C2FF4-D924-4A87-A070-505196436CFE}.Release OpenMP|x64.Build.0 = Release|x64
		{189C2FF4-D924-4A87-A070-505196436CFE}.Release OpenMP|x86.ActiveCfg = Release|Win32
		{189C2FF4-D924-4A87-A070-505196436CFE}.Release OpenMP|x86.Build.0 = Release|Win32
		{189C2FF4-D924-4A87-A070-505196436CFE}.Release|x64.ActiveCfg = Release|x64
		{189C2FF4-D924-4A87-A070-505196436CFE}.Release|x64.Build.0 = Release|x64
		{189C2FF4-D924-4A87-A070-505196436CFE}.Release|x86.ActiveCfg = Release|Win32
		{189C2FF4-D924-4A87-A070-505196436CFE}.Release|x86.Build.0 = Release|Win32
		{EE37253C-3B7E-4391-981B-6AE4AA400748}.Debug OpenMP|x64.ActiveCfg = Debug|Win32
		{EE37253C-3B7E-4391-981B-6AE4AA400748}.Debug OpenMP|x64.Build.0 = Debug|Win32
		{EE37253C-3B7E-4391-981B-6AE4AA400748}.Debug OpenMP|x86.ActiveCfg = Debug|Win32
		{EE37253C-3B7E-4391-981B-6AE4AA400748}.Debug OpenMP|x86.Build.0 = Debug|Win32
		{EE37253C-3B7E-4391-981B-6AE4AA400748}.Debug|x64.ActiveCfg = Debug|Win32
		{EE37253C-3B7E-4391-981B-6AE4AA400748}.Debug|x64.Build.0 = Debug|Win32
		{EE37253C-3B7E-4391-981B-6AE4AA400748}.Debug|x86.ActiveCfg = Debug|Win32
		{EE37253C-3B7E-4391-981B-6AE4AA400748}.Debug|x86.Build.0 = Debug|Win32
		{EE37253C-3B7E-4391-981B-6AE4AA400748}.Release OpenMP|x64.ActiveCfg = Debug|Win32
		{EE37253C-3B7E-4391-981B-6AE4AA400748}.Release OpenMP|x64.Build.0 = Debug|Win32
		{EE37253C-3B7E-4391-981B-6AE4AA400748}.Release OpenMP|x86.ActiveCfg = Release|Win32
		{EE37253C-3B7E-4391-981B-6AE4AA400748}.Release OpenMP|x86.Build.0 = Release|Win32
		{EE37253C-3B7E-4391-981B-6AE4AA400748}.Release|x64.ActiveCfg = Release|Win32
		{EE37253C-3B7E-4391-981B-6AE4AA400748}.Release|x64.Build.0 = Release|Win32
		{EE37253C-3B7E-4391-981B-6AE4AA400748}.Release|x86.ActiveCfg = Release|Win32
		{EE37253C-3B7E-4391-981B-6AE4AA400748}.Release|x86.Build.0 = Release|Win32
		{2F08064F-1571-46E6-BEC3-D2DD927B8409}.Debug OpenMP|x64.ActiveCfg = Debug OpenMP|Win32
		{2F08064F-1571-46E6-BEC3-D2DD927B8409}.Debug OpenMP|x64.Build.0 = Debug OpenMP|Win32
		{2F08064F-1571-46E6-BEC3-D2DD927B8409}.Debug OpenMP|x86.ActiveCfg = Debug OpenMP|Win32
		{2F08064F-1571-46E6-BEC3-D2DD927B8409}.Debug OpenMP|x86.Build.0 = Debug OpenMP|Win32
		{2F08064F-1571-46E6-BEC3-D2DD927B8409}.Debug|x64.ActiveCfg = Debug|Win32
		{2F08064F-1571-46E6-BEC3-D2DD927B8409}.Debug|x64.Build.0 = Debug|Win32
		{2F08064F-1571-46E6-BEC3-D2DD927B8409}.Debug|x86.ActiveCfg = Debug|Win32
		{2F08064F-1571-46E6-BEC3-D2DD927B8409}.Debug|x86.Build.0 = Debug|Win32
		{2F08064F-1571-46E6-BEC3-D2DD927B8409}.Release OpenMP|x64.ActiveCfg = Release OpenMP|Win32
		{2F08064F-1571-46E6-BEC3-D2DD927B8409}.Release OpenMP|x64.Build.0 = Release OpenMP|Win32
		{2F08064F-1571-46E6-BEC3-D2DD927B8409}.Release OpenMP|x86.ActiveCfg = Release OpenMP|Win32
		{2F08064F-1571-46E6-BEC3-D2DD927B8409}.Release OpenMP|x86.Build.0 = Release OpenMP|Win32
		{2F08064F-1571-46E6-BEC3-D2DD927B8409}.Release|x64.ActiveCfg = Release|Win32
		{2F08064F-1571-46E6-BEC3-D2DD927B8409}.Release|x64.Build.0 = Release|Win32
		{2F08064F-1571-46E6-BEC3-D2DD927B8409}.Release|x86.ActiveCfg = Release|Win32
		{2F08064F-1571-46E6-BEC3-D2DD927B8409}.Release|x86.Build.0 = Release|Win32
		{3959E83B-4199-49BA-BB0C-73074DFD1799}.Debug OpenMP|x64.ActiveCfg = Debug OpenMP|Win32
		{3959E83B-4199-49BA-BB0C-73074DFD1799}.Debug OpenMP|x64.Build.0 = Debug OpenMP|Win32
		{3959E83B-4199-49BA-BB0C-73074DFD1799}.Debug OpenMP|x86.ActiveCfg = Debug OpenMP|Win32
		{3959E83B-4199-49BA-BB0C-73074DFD1799}.Debug OpenMP|x86.Build.0 = Debug OpenMP|Win32
		{3959E83B-4199-49BA-BB0C-73074DFD1799}.Debug|x64.ActiveCfg = Debug|Win32
		{3959E83B-4199-49BA-BB0C-73074DFD1799}.Debug|x64.Build.0 = Debug|Win32
		{3959E83B-4199-49BA-BB0C-73074DFD1799}.Debug|x86.ActiveCfg = Debug|Win32
		{3959E83B-4199-49BA-BB0C-73074DFD1799}.Debug|x86.Build.0 = Debug|Win32
		{3959E83B-4199-49BA-BB0C-73074DFD1799}.Release OpenMP|x64.ActiveCfg = Release OpenMP|Win32
		{3959E83B-4199-49BA-BB0C-73074DFD1799}.Release OpenMP|x64.Build.0 = Release OpenMP|Win32
		{3959E83B-4199-49BA-BB0C-73074DFD1799}.Release OpenMP|x86.ActiveCfg = Release OpenMP|Win32
		{3959E83B-4199-49BA-BB0C-73074DFD1799}.Release OpenMP|x86.Build.0 = Release OpenMP|Win32
		{3959E83B-4199-49BA-BB0C-73074DFD1799}.Release|x64.ActiveCfg = Release|Win32
		{3959E83B-4199-49BA-BB0C-73074DFD1799}.Release|x64.Build.0 = Release|Win32
		{3959E83B-4199-49BA-BB0C-73074DFD1799}.Release|x86.ActiveCfg = Release|Win32
		{3959E83B-4199-49BA-BB0C-73074DFD1799}.Release|x86.Build.0 = Release|Win32
		{3930A416-5D51-43C0-BC78-4BF858FDF361}.Debug OpenMP|x64.ActiveCfg = Debug|Win32
		{3930A416-5D51-43C0-BC78-4BF858FDF361}.Debug OpenMP|x64.Build.0 = Debug|Win32
		{3930A416-5D51-43C0-BC78-4BF858FDF361}.Debug OpenMP|x86.ActiveCfg = Debug|Win32
		{3930A416-5D51-43C0-BC78-4BF858FDF361}.Debug OpenMP|x86.Build.0 = Debug|Win32
		{3930A416-5D51-43C0-BC78-4BF858FDF361}.Debug|x64.ActiveCfg = Debug|Win32
		{3930A416-5D51-43C0-BC78-4BF858FDF361}.Debug|x64.Build.0 = Debug|Win32
		{3930A416-5D51-43C0-BC78-4BF858FDF361}.Debug|x86.ActiveCfg = Debug|Win32
		{3930A416-5D51-43C0-BC78-4BF858FDF361}.Debug|x86.Build.0 = Debug|Win32
		{3930A416-5D51-43C0-BC78-4BF858FDF361}.Release OpenMP|x64.ActiveCfg = Release|Win32
		{3930A416-5D51-43C0-BC78-4BF858FDF361}.Release OpenMP|x64.Build.0 = Release|Win32
		{3930A416-5D51-43C0-BC78-4BF858FDF361}.Release OpenMP|x86.ActiveCfg = Release|Win32
		{3930A416-5D51-43C0-BC78-4BF858FDF361}.Release OpenMP|x86.Build.0 = Release|Win32
		{3930A416-5D51-43C0-BC78-4BF858FDF361}.Release|x64.ActiveCfg = Release|Win32
		{3930A416-5D51-43C0-BC78-4BF858FDF361}.Release|x64.Build.0 = Release|Win32
		{3930A416-5D51-43C0-BC78-4BF858FDF361}.Release|x86.ActiveCfg = Release|Win32
		{3930A416-5D51-43C0-BC78-4BF858FDF361}.Release|x86.Build.0 = Release|Win32
	EndGlobalSection
	GlobalSection(SolutionProperties) = preSolution
		HideSolutionNode = FALSE
	EndGlobalSection
	GlobalSection(ExtensibilityGlobals) = postSolution
		SolutionGuid = {05E7ECEB-4D8C-4E11-83C1-51B88E76E00A}
	EndGlobalSection
EndGlobal
