Microsoft Visual Studio Solution File, Format Version 12.00
# Visual Studio Version 16
VisualStudioVersion = 16.0.33027.164
MinimumVisualStudioVersion = 10.0.40219.1
Project("{8BC9CEB8-8B4A-11D0-8D11-00A0C91BC942}") = "cv", "..\cv\src\cv.vcxproj", "{204E2D54-C28A-43B7-9618-3EB8DC7D83D1}"
EndProject
Project("{8BC9CEB8-8B4A-11D0-8D11-00A0C91BC942}") = "cvaux", "..\cvaux\src\cvaux.vcxproj", "{FFABC1E5-619E-4EE7-B09E-95842DCE8887}"
EndProject
Project("{8BC9CEB8-8B4A-11D0-8D11-00A0C91BC942}") = "cvinfo", "..\utils\cvinfo\cvinfo.vcxproj", "{2046CEFA-02BF-4616-845F-0BC884160372}"
EndProject
Project("{8BC9CEB8-8B4A-11D0-8D11-00A0C91BC942}") = "cvsample", "..\samples\c\cvsample.vcxproj", "{2820F96A-13D2-4EFE-BC9F-A9AF482026AE}"
EndProject
Project("{8BC9CEB8-8B4A-11D0-8D11-00A0C91BC942}") = "cvtest", "..\tests\cv\src\cvtest.vcxproj", "{48C010C6-36E1-4EE6-9B9C-9AD1CBA0D9BC}"
EndProject
Project("{8BC9CEB8-8B4A-11D0-8D11-00A0C91BC942}") = "cxcore", "..\cxcore\src\cxcore.vcxproj", "{C30EED12-064C-4314-8A6B-426A11309A88}"
EndProject
Project("{8BC9CEB8-8B4A-11D0-8D11-00A0C91BC942}") = "cxcoretest", "..\tests\cxcore\src\cxcoretest.vcxproj", "{96F22AD4-D49F-492D-A349-1DB0392367CE}"
EndProject
Project("{8BC9CEB8-8B4A-11D0-8D11-00A0C91BC942}") = "cxts", "..\tests\cxts\cxts.vcxproj", "{189C2FF4-D924-4A87-A070-505196436CFE}"
EndProject
Project("{8BC9CEB8-8B4A-11D0-8D11-00A0C91BC942}") = "highgui", "..\otherlibs\highgui\highgui.vcxproj", "{C9E08D4A-9489-4D2E-93E3-8138ABA817A5}"
EndProject
Project("{8BC9CEB8-8B4A-11D0-8D11-00A0C91BC942}") = "ml", "..\ml\src\ml.vcxproj", "{A07C1F2F-3AF0-4660-AA95-4D660DDAE799}"
EndProject
Global
	GlobalSection(SolutionConfigurationPlatforms) = preSolution
		Debug OpenMP|Win32 = Debug OpenMP|Win32
		Debug OpenMP|x64 = Debug OpenMP|x64
		Debug|Win32 = Debug|Win32
		Debug|x64 = Debug|x64
		Release OpenMP|Win32 = Release OpenMP|Win32
		Release OpenMP|x64 = Release OpenMP|x64
		Release|Win32 = Release|Win32
		Release|x64 = Release|x64
	EndGlobalSection
	GlobalSection(ProjectConfigurationPlatforms) = postSolution
		{204E2D54-C28A-43B7-9618-3EB8DC7D83D1}.Debug OpenMP|Win32.ActiveCfg = Debug OpenMP|Win32
		{204E2D54-C28A-43B7-9618-3EB8DC7D83D1}.Debug OpenMP|Win32.Build.0 = Debug OpenMP|Win32
		{204E2D54-C28A-43B7-9618-3EB8DC7D83D1}.Debug OpenMP|x64.ActiveCfg = Debug|x64
		{204E2D54-C28A-43B7-9618-3EB8DC7D83D1}.Debug OpenMP|x64.Build.0 = Debug|x64
		{204E2D54-C28A-43B7-9618-3EB8DC7D83D1}.Debug|Win32.ActiveCfg = Debug|Win32
		{204E2D54-C28A-43B7-9618-3EB8DC7D83D1}.Debug|Win32.Build.0 = Debug|Win32
		{204E2D54-C28A-43B7-9618-3EB8DC7D83D1}.Debug|x64.ActiveCfg = Debug|x64
		{204E2D54-C28A-43B7-9618-3EB8DC7D83D1}.Debug|x64.Build.0 = Debug|x64
		{204E2D54-C28A-43B7-9618-3EB8DC7D83D1}.Release OpenMP|Win32.ActiveCfg = Release OpenMP|Win32
		{204E2D54-C28A-43B7-9618-3EB8DC7D83D1}.Release OpenMP|x64.ActiveCfg = Release|x64
		{204E2D54-C28A-43B7-9618-3EB8DC7D83D1}.Release OpenMP|x64.Build.0 = Release|x64
		{204E2D54-C28A-43B7-9618-3EB8DC7D83D1}.Release|Win32.ActiveCfg = Release|Win32
		{204E2D54-C28A-43B7-9618-3EB8DC7D83D1}.Release|Win32.Build.0 = Release|Win32
		{204E2D54-C28A-43B7-9618-3EB8DC7D83D1}.Release|x64.ActiveCfg = Release|x64
		{204E2D54-C28A-43B7-9618-3EB8DC7D83D1}.Release|x64.Build.0 = Release|x64
		{FFABC1E5-619E-4EE7-B09E-95842DCE8887}.Debug OpenMP|Win32.ActiveCfg = Debug|Win32
		{FFABC1E5-619E-4EE7-B09E-95842DCE8887}.Debug OpenMP|Win32.Build.0 = Debug|Win32
		{FFABC1E5-619E-4EE7-B09E-95842DCE8887}.Debug OpenMP|x64.ActiveCfg = Debug|x64
		{FFABC1E5-619E-4EE7-B09E-95842DCE8887}.Debug OpenMP|x64.Build.0 = Debug|x64
		{FFABC1E5-619E-4EE7-B09E-95842DCE8887}.Debug|Win32.ActiveCfg = Debug|Win32
		{FFABC1E5-619E-4EE7-B09E-95842DCE8887}.Debug|Win32.Build.0 = Debug|Win32
		{FFABC1E5-619E-4EE7-B09E-95842DCE8887}.Debug|x64.ActiveCfg = Debug|x64
		{FFABC1E5-619E-4EE7-B09E-95842DCE8887}.Debug|x64.Build.0 = Debug|x64
		{FFABC1E5-619E-4EE7-B09E-95842DCE8887}.Release OpenMP|Win32.ActiveCfg = Release|x64
		{FFABC1E5-619E-4EE7-B09E-95842DCE8887}.Release OpenMP|x64.ActiveCfg = Release|x64
		{FFABC1E5-619E-4EE7-B09E-95842DCE8887}.Release OpenMP|x64.Build.0 = Release|x64
		{FFABC1E5-619E-4EE7-B09E-95842DCE8887}.Release|Win32.ActiveCfg = Release|Win32
		{FFABC1E5-619E-4EE7-B09E-95842DCE8887}.Release|Win32.Build.0 = Release|Win32
		{FFABC1E5-619E-4EE7-B09E-95842DCE8887}.Release|x64.ActiveCfg = Release|x64
		{FFABC1E5-619E-4EE7-B09E-95842DCE8887}.Release|x64.Build.0 = Release|x64
		{2046CEFA-02BF-4616-845F-0BC884160372}.Debug OpenMP|Win32.ActiveCfg = Debug|Win32
		{2046CEFA-02BF-4616-845F-0BC884160372}.Debug OpenMP|Win32.Build.0 = Debug|Win32
		{2046CEFA-02BF-4616-845F-0BC884160372}.Debug OpenMP|x64.ActiveCfg = Debug|x64
		{2046CEFA-02BF-4616-845F-0BC884160372}.Debug OpenMP|x64.Build.0 = Debug|x64
		{2046CEFA-02BF-4616-845F-0BC884160372}.Debug|Win32.ActiveCfg = Debug|Win32
		{2046CEFA-02BF-4616-845F-0BC884160372}.Debug|Win32.Build.0 = Debug|Win32
		{2046CEFA-02BF-4616-845F-0BC884160372}.Debug|x64.ActiveCfg = Debug|x64
		{2046CEFA-02BF-4616-845F-0BC884160372}.Debug|x64.Build.0 = Debug|x64
		{2046CEFA-02BF-4616-845F-0BC884160372}.Release OpenMP|Win32.ActiveCfg = Release|x64
		{2046CEFA-02BF-4616-845F-0BC884160372}.Release OpenMP|x64.ActiveCfg = Release|x64
		{2046CEFA-02BF-4616-845F-0BC884160372}.Release OpenMP|x64.Build.0 = Release|x64
		{2046CEFA-02BF-4616-845F-0BC884160372}.Release|Win32.ActiveCfg = Release|Win32
		{2046CEFA-02BF-4616-845F-0BC884160372}.Release|Win32.Build.0 = Release|Win32
		{2046CEFA-02BF-4616-845F-0BC884160372}.Release|x64.ActiveCfg = Release|x64
		{2046CEFA-02BF-4616-845F-0BC884160372}.Release|x64.Build.0 = Release|x64
		{2820F96A-13D2-4EFE-BC9F-A9AF482026AE}.Debug OpenMP|Win32.ActiveCfg = Debug|Win32
		{2820F96A-13D2-4EFE-BC9F-A9AF482026AE}.Debug OpenMP|Win32.Build.0 = Debug|Win32
		{2820F96A-13D2-4EFE-BC9F-A9AF482026AE}.Debug OpenMP|x64.ActiveCfg = Debug|x64
		{2820F96A-13D2-4EFE-BC9F-A9AF482026AE}.Debug OpenMP|x64.Build.0 = Debug|x64
		{2820F96A-13D2-4EFE-BC9F-A9AF482026AE}.Debug|Win32.ActiveCfg = Debug|Win32
		{2820F96A-13D2-4EFE-BC9F-A9AF482026AE}.Debug|Win32.Build.0 = Debug|Win32
		{2820F96A-13D2-4EFE-BC9F-A9AF482026AE}.Debug|x64.ActiveCfg = Debug|x64
		{2820F96A-13D2-4EFE-BC9F-A9AF482026AE}.Debug|x64.Build.0 = Debug|x64
		{2820F96A-13D2-4EFE-BC9F-A9AF482026AE}.Release OpenMP|Win32.ActiveCfg = Release|x64
		{2820F96A-13D2-4EFE-BC9F-A9AF482026AE}.Release OpenMP|x64.ActiveCfg = Release|x64
		{2820F96A-13D2-4EFE-BC9F-A9AF482026AE}.Release OpenMP|x64.Build.0 = Release|x64
		{2820F96A-13D2-4EFE-BC9F-A9AF482026AE}.Release|Win32.ActiveCfg = Release|Win32
		{2820F96A-13D2-4EFE-BC9F-A9AF482026AE}.Release|Win32.Build.0 = Release|Win32
		{2820F96A-13D2-4EFE-BC9F-A9AF482026AE}.Release|x64.ActiveCfg = Release|x64
		{2820F96A-13D2-4EFE-BC9F-A9AF482026AE}.Release|x64.Build.0 = Release|x64
		{48C010C6-36E1-4EE6-9B9C-9AD1CBA0D9BC}.Debug OpenMP|Win32.ActiveCfg = Debug|Win32
		{48C010C6-36E1-4EE6-9B9C-9AD1CBA0D9BC}.Debug OpenMP|Win32.Build.0 = Debug|Win32
		{48C010C6-36E1-4EE6-9B9C-9AD1CBA0D9BC}.Debug OpenMP|x64.ActiveCfg = Debug|x64
		{48C010C6-36E1-4EE6-9B9C-9AD1CBA0D9BC}.Debug OpenMP|x64.Build.0 = Debug|x64
		{48C010C6-36E1-4EE6-9B9C-9AD1CBA0D9BC}.Debug|Win32.ActiveCfg = Debug|Win32
		{48C010C6-36E1-4EE6-9B9C-9AD1CBA0D9BC}.Debug|Win32.Build.0 = Debug|Win32
		{48C010C6-36E1-4EE6-9B9C-9AD1CBA0D9BC}.Debug|x64.ActiveCfg = Debug|x64
		{48C010C6-36E1-4EE6-9B9C-9AD1CBA0D9BC}.Debug|x64.Build.0 = Debug|x64
		{48C010C6-36E1-4EE6-9B9C-9AD1CBA0D9BC}.Release OpenMP|Win32.ActiveCfg = Release|x64
		{48C010C6-36E1-4EE6-9B9C-9AD1CBA0D9BC}.Release OpenMP|x64.ActiveCfg = Release|x64
		{48C010C6-36E1-4EE6-9B9C-9AD1CBA0D9BC}.Release OpenMP|x64.Build.0 = Release|x64
		{48C010C6-36E1-4EE6-9B9C-9AD1CBA0D9BC}.Release|Win32.ActiveCfg = Release|Win32
		{48C010C6-36E1-4EE6-9B9C-9AD1CBA0D9BC}.Release|Win32.Build.0 = Release|Win32
		{48C010C6-36E1-4EE6-9B9C-9AD1CBA0D9BC}.Release|x64.ActiveCfg = Release|x64
		{48C010C6-36E1-4EE6-9B9C-9AD1CBA0D9BC}.Release|x64.Build.0 = Release|x64
		{C30EED12-064C-4314-8A6B-426A11309A88}.Debug OpenMP|Win32.ActiveCfg = Debug OpenMP|Win32
		{C30EED12-064C-4314-8A6B-426A11309A88}.Debug OpenMP|Win32.Build.0 = Debug OpenMP|Win32
		{C30EED12-064C-4314-8A6B-426A11309A88}.Debug OpenMP|x64.ActiveCfg = Debug OpenMP|x64
		{C30EED12-064C-4314-8A6B-426A11309A88}.Debug OpenMP|x64.Build.0 = Debug OpenMP|x64
		{C30EED12-064C-4314-8A6B-426A11309A88}.Debug|Win32.ActiveCfg = Debug|Win32
		{C30EED12-064C-4314-8A6B-426A11309A88}.Debug|Win32.Build.0 = Debug|Win32
		{C30EED12-064C-4314-8A6B-426A11309A88}.Debug|x64.ActiveCfg = Debug|x64
		{C30EED12-064C-4314-8A6B-426A11309A88}.Debug|x64.Build.0 = Debug|x64
		{C30EED12-064C-4314-8A6B-426A11309A88}.Release OpenMP|Win32.ActiveCfg = Release OpenMP|x64
		{C30EED12-064C-4314-8A6B-426A11309A88}.Release OpenMP|Win32.Build.0 = Release OpenMP|x64
		{C30EED12-064C-4314-8A6B-426A11309A88}.Release OpenMP|x64.ActiveCfg = Release OpenMP|x64
		{C30EED12-064C-4314-8A6B-426A11309A88}.Release OpenMP|x64.Build.0 = Release OpenMP|x64
		{C30EED12-064C-4314-8A6B-426A11309A88}.Release|Win32.ActiveCfg = Release|Win32
		{C30EED12-064C-4314-8A6B-426A11309A88}.Release|Win32.Build.0 = Release|Win32
		{C30EED12-064C-4314-8A6B-426A11309A88}.Release|x64.ActiveCfg = Release|x64
		{C30EED12-064C-4314-8A6B-426A11309A88}.Release|x64.Build.0 = Release|x64
		{96F22AD4-D49F-492D-A349-1DB0392367CE}.Debug OpenMP|Win32.ActiveCfg = Debug|Win32
		{96F22AD4-D49F-492D-A349-1DB0392367CE}.Debug OpenMP|Win32.Build.0 = Debug|Win32
		{96F22AD4-D49F-492D-A349-1DB0392367CE}.Debug OpenMP|x64.ActiveCfg = Debug|x64
		{96F22AD4-D49F-492D-A349-1DB0392367CE}.Debug OpenMP|x64.Build.0 = Debug|x64
		{96F22AD4-D49F-492D-A349-1DB0392367CE}.Debug|Win32.ActiveCfg = Debug|Win32
		{96F22AD4-D49F-492D-A349-1DB0392367CE}.Debug|Win32.Build.0 = Debug|Win32
		{96F22AD4-D49F-492D-A349-1DB0392367CE}.Debug|x64.ActiveCfg = Debug|x64
		{96F22AD4-D49F-492D-A349-1DB0392367CE}.Debug|x64.Build.0 = Debug|x64
		{96F22AD4-D49F-492D-A349-1DB0392367CE}.Release OpenMP|Win32.ActiveCfg = Release|x64
		{96F22AD4-D49F-492D-A349-1DB0392367CE}.Release OpenMP|x64.ActiveCfg = Release|x64
		{96F22AD4-D49F-492D-A349-1DB0392367CE}.Release OpenMP|x64.Build.0 = Release|x64
		{96F22AD4-D49F-492D-A349-1DB0392367CE}.Release|Win32.ActiveCfg = Release|Win32
		{96F22AD4-D49F-492D-A349-1DB0392367CE}.Release|Win32.Build.0 = Release|Win32
		{96F22AD4-D49F-492D-A349-1DB0392367CE}.Release|x64.ActiveCfg = Release|x64
		{96F22AD4-D49F-492D-A349-1DB0392367CE}.Release|x64.Build.0 = Release|x64
		{189C2FF4-D924-4A87-A070-505196436CFE}.Debug OpenMP|Win32.ActiveCfg = Debug|Win32
		{189C2FF4-D924-4A87-A070-505196436CFE}.Debug OpenMP|Win32.Build.0 = Debug|Win32
		{189C2FF4-D924-4A87-A070-505196436CFE}.Debug OpenMP|x64.ActiveCfg = Debug|x64
		{189C2FF4-D924-4A87-A070-505196436CFE}.Debug OpenMP|x64.Build.0 = Debug|x64
		{189C2FF4-D924-4A87-A070-505196436CFE}.Debug|Win32.ActiveCfg = Debug|Win32
		{189C2FF4-D924-4A87-A070-505196436CFE}.Debug|Win32.Build.0 = Debug|Win32
		{189C2FF4-D924-4A87-A070-505196436CFE}.Debug|x64.ActiveCfg = Debug|x64
		{189C2FF4-D924-4A87-A070-505196436CFE}.Debug|x64.Build.0 = Debug|x64
		{189C2FF4-D924-4A87-A070-505196436CFE}.Release OpenMP|Win32.ActiveCfg = Release|x64
		{189C2FF4-D924-4A87-A070-505196436CFE}.Release OpenMP|x64.ActiveCfg = Release|x64
		{189C2FF4-D924-4A87-A070-505196436CFE}.Release OpenMP|x64.Build.0 = Release|x64
		{189C2FF4-D924-4A87-A070-505196436CFE}.Release|Win32.ActiveCfg = Release|Win32
		{189C2FF4-D924-4A87-A070-505196436CFE}.Release|Win32.Build.0 = Release|Win32
		{189C2FF4-D924-4A87-A070-505196436CFE}.Release|x64.ActiveCfg = Release|x64
		{189C2FF4-D924-4A87-A070-505196436CFE}.Release|x64.Build.0 = Release|x64
		{C9E08D4A-9489-4D2E-93E3-8138ABA817A5}.Debug OpenMP|Win32.ActiveCfg = Debug OpenMP|Win32
		{C9E08D4A-9489-4D2E-93E3-8138ABA817A5}.Debug OpenMP|Win32.Build.0 = Debug OpenMP|Win32
		{C9E08D4A-9489-4D2E-93E3-8138ABA817A5}.Debug OpenMP|x64.ActiveCfg = Debug|x64
		{C9E08D4A-9489-4D2E-93E3-8138ABA817A5}.Debug OpenMP|x64.Build.0 = Debug|x64
		{C9E08D4A-9489-4D2E-93E3-8138ABA817A5}.Debug|Win32.ActiveCfg = Debug|Win32
		{C9E08D4A-9489-4D2E-93E3-8138ABA817A5}.Debug|Win32.Build.0 = Debug|Win32
		{C9E08D4A-9489-4D2E-93E3-8138ABA817A5}.Debug|x64.ActiveCfg = Debug|x64
		{C9E08D4A-9489-4D2E-93E3-8138ABA817A5}.Debug|x64.Build.0 = Debug|x64
		{C9E08D4A-9489-4D2E-93E3-8138ABA817A5}.Release OpenMP|Win32.ActiveCfg = Release|x64
		{C9E08D4A-9489-4D2E-93E3-8138ABA817A5}.Release OpenMP|x64.ActiveCfg = Release|x64
		{C9E08D4A-9489-4D2E-93E3-8138ABA817A5}.Release OpenMP|x64.Build.0 = Release|x64
		{C9E08D4A-9489-4D2E-93E3-8138ABA817A5}.Release|Win32.ActiveCfg = Release|Win32
		{C9E08D4A-9489-4D2E-93E3-8138ABA817A5}.Release|Win32.Build.0 = Release|Win32
		{C9E08D4A-9489-4D2E-93E3-8138ABA817A5}.Release|x64.ActiveCfg = Release|x64
		{C9E08D4A-9489-4D2E-93E3-8138ABA817A5}.Release|x64.Build.0 = Release|x64
		{A07C1F2F-3AF0-4660-AA95-4D660DDAE799}.Debug OpenMP|Win32.ActiveCfg = Debug|Win32
		{A07C1F2F-3AF0-4660-AA95-4D660DDAE799}.Debug OpenMP|Win32.Build.0 = Debug|Win32
		{A07C1F2F-3AF0-4660-AA95-4D660DDAE799}.Debug OpenMP|x64.ActiveCfg = Debug|x64
		{A07C1F2F-3AF0-4660-AA95-4D660DDAE799}.Debug OpenMP|x64.Build.0 = Debug|x64
		{A07C1F2F-3AF0-4660-AA95-4D660DDAE799}.Debug|Win32.ActiveCfg = Debug|Win32
		{A07C1F2F-3AF0-4660-AA95-4D660DDAE799}.Debug|Win32.Build.0 = Debug|Win32
		{A07C1F2F-3AF0-4660-AA95-4D660DDAE799}.Debug|x64.ActiveCfg = Debug|x64
		{A07C1F2F-3AF0-4660-AA95-4D660DDAE799}.Debug|x64.Build.0 = Debug|x64
		{A07C1F2F-3AF0-4660-AA95-4D660DDAE799}.Release OpenMP|Win32.ActiveCfg = Release|x64
		{A07C1F2F-3AF0-4660-AA95-4D660DDAE799}.Release OpenMP|x64.ActiveCfg = Release|x64
		{A07C1F2F-3AF0-4660-AA95-4D660DDAE799}.Release OpenMP|x64.Build.0 = Release|x64
		{A07C1F2F-3AF0-4660-AA95-4D660DDAE799}.Release|Win32.ActiveCfg = Release|Win32
		{A07C1F2F-3AF0-4660-AA95-4D660DDAE799}.Release|Win32.Build.0 = Release|Win32
		{A07C1F2F-3AF0-4660-AA95-4D660DDAE799}.Release|x64.ActiveCfg = Release|x64
		{A07C1F2F-3AF0-4660-AA95-4D660DDAE799}.Release|x64.Build.0 = Release|x64
	EndGlobalSection
	GlobalSection(SolutionProperties) = preSolution
		HideSolutionNode = FALSE
	EndGlobalSection
	GlobalSection(ExtensibilityGlobals) = postSolution
		SolutionGuid = {6C00DB6B-EC73-4532-9C8C-53957F946F49}
	EndGlobalSection
EndGlobal
