<?xml version="1.0" encoding="utf-8"?>
<Project ToolsVersion="4.0" xmlns="http://schemas.microsoft.com/developer/msbuild/2003">
  <ItemGroup>
    <Filter Include="Src">
      <UniqueIdentifier>{eb4689e9-4fe8-47da-acb1-9cfa038e1a72}</UniqueIdentifier>
      <Extensions>cpp;c;cxx;rc;def;r;odl;idl;hpj;bat</Extensions>
    </Filter>
    <Filter Include="Include">
      <UniqueIdentifier>{7668073c-df42-4c0d-adf7-8ecf092c5130}</UniqueIdentifier>
      <Extensions>h;hpp;hxx;hm;inl</Extensions>
    </Filter>
    <Filter Include="Include\Internal">
      <UniqueIdentifier>{57f9cc91-fab5-41c0-9795-b4cfcbdd4853}</UniqueIdentifier>
    </Filter>
    <Filter Include="Include\External">
      <UniqueIdentifier>{28bfcd7a-2514-423b-860b-77ed96532461}</UniqueIdentifier>
    </Filter>
  </ItemGroup>
  <ItemGroup>
    <ClCompile Include="ml.cpp">
      <Filter>Src</Filter>
    </ClCompile>
    <ClCompile Include="ml_inner_functions.cpp">
      <Filter>Src</Filter>
    </ClCompile>
    <ClCompile Include="mlann_mlp.cpp">
      <Filter>Src</Filter>
    </ClCompile>
    <ClCompile Include="mlboost.cpp">
      <Filter>Src</Filter>
    </ClCompile>
    <ClCompile Include="mlcnn.cpp">
      <Filter>Src</Filter>
    </ClCompile>
    <ClCompile Include="mlem.cpp">
      <Filter>Src</Filter>
    </ClCompile>
    <ClCompile Include="mlestimate.cpp">
      <Filter>Src</Filter>
    </ClCompile>
    <ClCompile Include="mlknearest.cpp">
      <Filter>Src</Filter>
    </ClCompile>
    <ClCompile Include="mlnbayes.cpp">
      <Filter>Src</Filter>
    </ClCompile>
    <ClCompile Include="mlrtrees.cpp">
      <Filter>Src</Filter>
    </ClCompile>
    <ClCompile Include="mlsvm.cpp">
      <Filter>Src</Filter>
    </ClCompile>
    <ClCompile Include="mltestset.cpp">
      <Filter>Src</Filter>
    </ClCompile>
    <ClCompile Include="mltree.cpp">
      <Filter>Src</Filter>
    </ClCompile>
  </ItemGroup>
  <ItemGroup>
    <ClInclude Include="_ml.h">
      <Filter>Include\Internal</Filter>
    </ClInclude>
    <ClInclude Include="..\include\ml.h">
      <Filter>Include\External</Filter>
    </ClInclude>
  </ItemGroup>
</Project>