<?xml version="1.0" encoding="utf-8"?>
<Project ToolsVersion="4.0" xmlns="http://schemas.microsoft.com/developer/msbuild/2003">
  <ItemGroup>
    <Filter Include="Source Files">
      <UniqueIdentifier>{ea729aec-118c-4e9e-b4ef-843dc6bb1708}</UniqueIdentifier>
      <Extensions>cpp;c;cxx;rc;def;r;odl;idl;hpj;bat</Extensions>
    </Filter>
    <Filter Include="Header Files">
      <UniqueIdentifier>{39936b2f-32b9-47af-820b-483620888fcd}</UniqueIdentifier>
      <Extensions>h;hpp;hxx;hm;inl</Extensions>
    </Filter>
  </ItemGroup>
  <ItemGroup>
    <ClCompile Include="aaccum.cpp">
      <Filter>Source Files</Filter>
    </ClCompile>
    <ClCompile Include="aadaptthresh.cpp">
      <Filter>Source Files</Filter>
    </ClCompile>
    <ClCompile Include="aapproxpoly.cpp">
      <Filter>Source Files</Filter>
    </ClCompile>
    <ClCompile Include="acameracalibration.cpp">
      <Filter>Source Files</Filter>
    </ClCompile>
    <ClCompile Include="acamshift.cpp">
      <Filter>Source Files</Filter>
    </ClCompile>
    <ClCompile Include="acanny.cpp">
      <Filter>Source Files</Filter>
    </ClCompile>
    <ClCompile Include="achesscorners.cpp">
      <Filter>Source Files</Filter>
    </ClCompile>
    <ClCompile Include="acolor.cpp">
      <Filter>Source Files</Filter>
    </ClCompile>
    <ClCompile Include="acondens.cpp">
      <Filter>Source Files</Filter>
    </ClCompile>
    <ClCompile Include="acontourmoments.cpp">
      <Filter>Source Files</Filter>
    </ClCompile>
    <ClCompile Include="acontours.cpp">
      <Filter>Source Files</Filter>
    </ClCompile>
    <ClCompile Include="acontoursmatch.cpp">
      <Filter>Source Files</Filter>
    </ClCompile>
    <ClCompile Include="aconvhull.cpp">
      <Filter>Source Files</Filter>
    </ClCompile>
    <ClCompile Include="acreatecontourtree.cpp">
      <Filter>Source Files</Filter>
    </ClCompile>
    <ClCompile Include="adistancetransform.cpp">
      <Filter>Source Files</Filter>
    </ClCompile>
    <ClCompile Include="aeigenobjects.cpp">
      <Filter>Source Files</Filter>
    </ClCompile>
    <ClCompile Include="aemd.cpp">
      <Filter>Source Files</Filter>
    </ClCompile>
    <ClCompile Include="afilter.cpp">
      <Filter>Source Files</Filter>
    </ClCompile>
    <ClCompile Include="afloodfill.cpp">
      <Filter>Source Files</Filter>
    </ClCompile>
    <ClCompile Include="afundam.cpp">
      <Filter>Source Files</Filter>
    </ClCompile>
    <ClCompile Include="ahistograms.cpp">
      <Filter>Source Files</Filter>
    </ClCompile>
    <ClCompile Include="ahmmobs.cpp">
      <Filter>Source Files</Filter>
    </ClCompile>
    <ClCompile Include="ahoughtransform.cpp">
      <Filter>Source Files</Filter>
    </ClCompile>
    <ClCompile Include="aimage.cpp">
      <Filter>Source Files</Filter>
    </ClCompile>
    <ClCompile Include="aimgwarp.cpp">
      <Filter>Source Files</Filter>
    </ClCompile>
    <ClCompile Include="akalman.cpp">
      <Filter>Source Files</Filter>
    </ClCompile>
    <ClCompile Include="akmeans.cpp">
      <Filter>Source Files</Filter>
    </ClCompile>
    <ClCompile Include="amatchcontourtrees.cpp">
      <Filter>Source Files</Filter>
    </ClCompile>
    <ClCompile Include="amoments.cpp">
      <Filter>Source Files</Filter>
    </ClCompile>
    <ClCompile Include="amotiontemplates.cpp">
      <Filter>Source Files</Filter>
    </ClCompile>
    <ClCompile Include="amotseg.cpp">
      <Filter>Source Files</Filter>
    </ClCompile>
    <ClCompile Include="aoptflowhs.cpp">
      <Filter>Source Files</Filter>
    </ClCompile>
    <ClCompile Include="aoptflowlk.cpp">
      <Filter>Source Files</Filter>
    </ClCompile>
    <ClCompile Include="aoptflowpyrlk.cpp">
      <Filter>Source Files</Filter>
    </ClCompile>
    <ClCompile Include="aposit.cpp">
      <Filter>Source Files</Filter>
    </ClCompile>
    <ClCompile Include="apyrsegmentation.cpp">
      <Filter>Source Files</Filter>
    </ClCompile>
    <ClCompile Include="asnakes.cpp">
      <Filter>Source Files</Filter>
    </ClCompile>
    <ClCompile Include="asubdivisions.cpp">
      <Filter>Source Files</Filter>
    </ClCompile>
    <ClCompile Include="atemplmatch.cpp">
      <Filter>Source Files</Filter>
    </ClCompile>
    <ClCompile Include="athresh.cpp">
      <Filter>Source Files</Filter>
    </ClCompile>
    <ClCompile Include="cvtest.cpp">
      <Filter>Source Files</Filter>
    </ClCompile>
    <ClCompile Include="tsysa.cpp">
      <Filter>Source Files</Filter>
    </ClCompile>
  </ItemGroup>
  <ItemGroup>
    <ClInclude Include="cvtest.h">
      <Filter>Header Files</Filter>
    </ClInclude>
  </ItemGroup>
</Project>